// !$*UTF8*$!
{
	archiveVersion = 1;
	classes = {
	};
	objectVersion = 48;
	objects = {

/* Begin PBXBuildFile section */
		00E428E1204BCE6F0083017D /* AppDelegate.swift in Sources */ = {isa = PBXBuildFile; fileRef = 00E428E0204BCE6F0083017D /* AppDelegate.swift */; };
		00E428E3204BCE6F0083017D /* ViewController.swift in Sources */ = {isa = PBXBuildFile; fileRef = 00E428E2204BCE6F0083017D /* ViewController.swift */; };
		00E428E6204BCE6F0083017D /* Main.storyboard in Resources */ = {isa = PBXBuildFile; fileRef = 00E428E4204BCE6F0083017D /* Main.storyboard */; };
		00E428E8204BCE6F0083017D /* Assets.xcassets in Resources */ = {isa = PBXBuildFile; fileRef = 00E428E7204BCE6F0083017D /* Assets.xcassets */; };
		00E428EB204BCE6F0083017D /* LaunchScreen.storyboard in Resources */ = {isa = PBXBuildFile; fileRef = 00E428E9204BCE6F0083017D /* LaunchScreen.storyboard */; };
		00E428F6204BCE6F0083017D /* vibrationTimerTests.swift in Sources */ = {isa = PBXBuildFile; fileRef = 00E428F5204BCE6F0083017D /* vibrationTimerTests.swift */; };
		00E42901204BCE6F0083017D /* vibrationTimerUITests.swift in Sources */ = {isa = PBXBuildFile; fileRef = 00E42900204BCE6F0083017D /* vibrationTimerUITests.swift */; };
/* End PBXBuildFile section */

/* Begin PBXContainerItemProxy section */
		00E428F2204BCE6F0083017D /* PBXContainerItemProxy */ = {
			isa = PBXContainerItemProxy;
			containerPortal = 00E428D5204BCE6F0083017D /* Project object */;
			proxyType = 1;
			remoteGlobalIDString = 00E428DC204BCE6F0083017D;
			remoteInfo = vibrationTimer;
		};
		00E428FD204BCE6F0083017D /* PBXContainerItemProxy */ = {
			isa = PBXContainerItemProxy;
			containerPortal = 00E428D5204BCE6F0083017D /* Project object */;
			proxyType = 1;
			remoteGlobalIDString = 00E428DC204BCE6F0083017D;
			remoteInfo = vibrationTimer;
		};
/* End PBXContainerItemProxy section */

/* Begin PBXFileReference section */
		00E428DD204BCE6F0083017D /* vibrationTimer.app */ = {isa = PBXFileReference; explicitFileType = wrapper.application; includeInIndex = 0; path = vibrationTimer.app; sourceTree = BUILT_PRODUCTS_DIR; };
		00E428E0204BCE6F0083017D /* AppDelegate.swift */ = {isa = PBXFileReference; lastKnownFileType = sourcecode.swift; path = AppDelegate.swift; sourceTree = "<group>"; };
		00E428E2204BCE6F0083017D /* ViewController.swift */ = {isa = PBXFileReference; lastKnownFileType = sourcecode.swift; path = ViewController.swift; sourceTree = "<group>"; };
		00E428E5204BCE6F0083017D /* Base */ = {isa = PBXFileReference; lastKnownFileType = file.storyboard; name = Base; path = Base.lproj/Main.storyboard; sourceTree = "<group>"; };
		00E428E7204BCE6F0083017D /* Assets.xcassets */ = {isa = PBXFileReference; lastKnownFileType = folder.assetcatalog; path = Assets.xcassets; sourceTree = "<group>"; };
		00E428EA204BCE6F0083017D /* Base */ = {isa = PBXFileReference; lastKnownFileType = file.storyboard; name = Base; path = Base.lproj/LaunchScreen.storyboard; sourceTree = "<group>"; };
		00E428EC204BCE6F0083017D /* Info.plist */ = {isa = PBXFileReference; lastKnownFileType = text.plist.xml; path = Info.plist; sourceTree = "<group>"; };
		00E428F1204BCE6F0083017D /* vibrationTimerTests.xctest */ = {isa = PBXFileReference; explicitFileType = wrapper.cfbundle; includeInIndex = 0; path = vibrationTimerTests.xctest; sourceTree = BUILT_PRODUCTS_DIR; };
		00E428F5204BCE6F0083017D /* vibrationTimerTests.swift */ = {isa = PBXFileReference; lastKnownFileType = sourcecode.swift; path = vibrationTimerTests.swift; sourceTree = "<group>"; };
		00E428F7204BCE6F0083017D /* Info.plist */ = {isa = PBXFileReference; lastKnownFileType = text.plist.xml; path = Info.plist; sourceTree = "<group>"; };
		00E428FC204BCE6F0083017D /* vibrationTimerUITests.xctest */ = {isa = PBXFileReference; explicitFileType = wrapper.cfbundle; includeInIndex = 0; path = vibrationTimerUITests.xctest; sourceTree = BUILT_PRODUCTS_DIR; };
		00E42900204BCE6F0083017D /* vibrationTimerUITests.swift */ = {isa = PBXFileReference; lastKnownFileType = sourcecode.swift; path = vibrationTimerUITests.swift; sourceTree = "<group>"; };
		00E42902204BCE6F0083017D /* Info.plist */ = {isa = PBXFileReference; lastKnownFileType = text.plist.xml; path = Info.plist; sourceTree = "<group>"; };
/* End PBXFileReference section */

/* Begin PBXFrameworksBuildPhase section */
		00E428DA204BCE6F0083017D /* Frameworks */ = {
			isa = PBXFrameworksBuildPhase;
			buildActionMask = 2147483647;
			files = (
			);
			runOnlyForDeploymentPostprocessing = 0;
		};
		00E428EE204BCE6F0083017D /* Frameworks */ = {
			isa = PBXFrameworksBuildPhase;
			buildActionMask = 2147483647;
			files = (
			);
			runOnlyForDeploymentPostprocessing = 0;
		};
		00E428F9204BCE6F0083017D /* Frameworks */ = {
			isa = PBXFrameworksBuildPhase;
			buildActionMask = 2147483647;
			files = (
			);
			runOnlyForDeploymentPostprocessing = 0;
		};
/* End PBXFrameworksBuildPhase section */

/* Begin PBXGroup section */
		00E428D4204BCE6F0083017D = {
			isa = PBXGroup;
			children = (
				00E428DF204BCE6F0083017D /* vibrationTimer */,
				00E428F4204BCE6F0083017D /* vibrationTimerTests */,
				00E428FF204BCE6F0083017D /* vibrationTimerUITests */,
				00E428DE204BCE6F0083017D /* Products */,
			);
			sourceTree = "<group>";
		};
		00E428DE204BCE6F0083017D /* Products */ = {
			isa = PBXGroup;
			children = (
				00E428DD204BCE6F0083017D /* vibrationTimer.app */,
				00E428F1204BCE6F0083017D /* vibrationTimerTests.xctest */,
				00E428FC204BCE6F0083017D /* vibrationTimerUITests.xctest */,
			);
			name = Products;
			sourceTree = "<group>";
		};
		00E428DF204BCE6F0083017D /* vibrationTimer */ = {
			isa = PBXGroup;
			children = (
				00E428E0204BCE6F0083017D /* AppDelegate.swift */,
				00E428E2204BCE6F0083017D /* ViewController.swift */,
				00E428E4204BCE6F0083017D /* Main.storyboard */,
				00E428E7204BCE6F0083017D /* Assets.xcassets */,
				00E428E9204BCE6F0083017D /* LaunchScreen.storyboard */,
				00E428EC204BCE6F0083017D /* Info.plist */,
			);
			path = vibrationTimer;
			sourceTree = "<group>";
		};
		00E428F4204BCE6F0083017D /* vibrationTimerTests */ = {
			isa = PBXGroup;
			children = (
				00E428F5204BCE6F0083017D /* vibrationTimerTests.swift */,
				00E428F7204BCE6F0083017D /* Info.plist */,
			);
			path = vibrationTimerTests;
			sourceTree = "<group>";
		};
		00E428FF204BCE6F0083017D /* vibrationTimerUITests */ = {
			isa = PBXGroup;
			children = (
				00E42900204BCE6F0083017D /* vibrationTimerUITests.swift */,
				00E42902204BCE6F0083017D /* Info.plist */,
			);
			path = vibrationTimerUITests;
			sourceTree = "<group>";
		};
/* End PBXGroup section */

/* Begin PBXNativeTarget section */
		00E428DC204BCE6F0083017D /* vibrationTimer */ = {
			isa = PBXNativeTarget;
			buildConfigurationList = 00E42905204BCE6F0083017D /* Build configuration list for PBXNativeTarget "vibrationTimer" */;
			buildPhases = (
				00E428D9204BCE6F0083017D /* Sources */,
				00E428DA204BCE6F0083017D /* Frameworks */,
				00E428DB204BCE6F0083017D /* Resources */,
			);
			buildRules = (
			);
			dependencies = (
			);
			name = vibrationTimer;
			productName = vibrationTimer;
			productReference = 00E428DD204BCE6F0083017D /* vibrationTimer.app */;
			productType = "com.apple.product-type.application";
		};
		00E428F0204BCE6F0083017D /* vibrationTimerTests */ = {
			isa = PBXNativeTarget;
			buildConfigurationList = 00E42908204BCE6F0083017D /* Build configuration list for PBXNativeTarget "vibrationTimerTests" */;
			buildPhases = (
				00E428ED204BCE6F0083017D /* Sources */,
				00E428EE204BCE6F0083017D /* Frameworks */,
				00E428EF204BCE6F0083017D /* Resources */,
			);
			buildRules = (
			);
			dependencies = (
				00E428F3204BCE6F0083017D /* PBXTargetDependency */,
			);
			name = vibrationTimerTests;
			productName = vibrationTimerTests;
			productReference = 00E428F1204BCE6F0083017D /* vibrationTimerTests.xctest */;
			productType = "com.apple.product-type.bundle.unit-test";
		};
		00E428FB204BCE6F0083017D /* vibrationTimerUITests */ = {
			isa = PBXNativeTarget;
			buildConfigurationList = 00E4290B204BCE6F0083017D /* Build configuration list for PBXNativeTarget "vibrationTimerUITests" */;
			buildPhases = (
				00E428F8204BCE6F0083017D /* Sources */,
				00E428F9204BCE6F0083017D /* Frameworks */,
				00E428FA204BCE6F0083017D /* Resources */,
			);
			buildRules = (
			);
			dependencies = (
				00E428FE204BCE6F0083017D /* PBXTargetDependency */,
			);
			name = vibrationTimerUITests;
			productName = vibrationTimerUITests;
			productReference = 00E428FC204BCE6F0083017D /* vibrationTimerUITests.xctest */;
			productType = "com.apple.product-type.bundle.ui-testing";
		};
/* End PBXNativeTarget section */

/* Begin PBXProject section */
		00E428D5204BCE6F0083017D /* Project object */ = {
			isa = PBXProject;
			attributes = {
				LastSwiftUpdateCheck = 0920;
				LastUpgradeCheck = 0920;
				ORGANIZATIONNAME = "林大地";
				TargetAttributes = {
					00E428DC204BCE6F0083017D = {
						CreatedOnToolsVersion = 9.2;
						ProvisioningStyle = Automatic;
					};
					00E428F0204BCE6F0083017D = {
						CreatedOnToolsVersion = 9.2;
						ProvisioningStyle = Automatic;
						TestTargetID = 00E428DC204BCE6F0083017D;
					};
					00E428FB204BCE6F0083017D = {
						CreatedOnToolsVersion = 9.2;
						ProvisioningStyle = Automatic;
						TestTargetID = 00E428DC204BCE6F0083017D;
					};
				};
			};
			buildConfigurationList = 00E428D8204BCE6F0083017D /* Build configuration list for PBXProject "vibrationTimer" */;
			compatibilityVersion = "Xcode 8.0";
			developmentRegion = en;
			hasScannedForEncodings = 0;
			knownRegions = (
				en,
				Base,
			);
			mainGroup = 00E428D4204BCE6F0083017D;
			productRefGroup = 00E428DE204BCE6F0083017D /* Products */;
			projectDirPath = "";
			projectRoot = "";
			targets = (
				00E428DC204BCE6F0083017D /* vibrationTimer */,
				00E428F0204BCE6F0083017D /* vibrationTimerTests */,
				00E428FB204BCE6F0083017D /* vibrationTimerUITests */,
			);
		};
/* End PBXProject section */

/* Begin PBXResourcesBuildPhase section */
		00E428DB204BCE6F0083017D /* Resources */ = {
			isa = PBXResourcesBuildPhase;
			buildActionMask = 2147483647;
			files = (
				00E428EB204BCE6F0083017D /* LaunchScreen.storyboard in Resources */,
				00E428E8204BCE6F0083017D /* Assets.xcassets in Resources */,
				00E428E6204BCE6F0083017D /* Main.storyboard in Resources */,
			);
			runOnlyForDeploymentPostprocessing = 0;
		};
		00E428EF204BCE6F0083017D /* Resources */ = {
			isa = PBXResourcesBuildPhase;
			buildActionMask = 2147483647;
			files = (
			);
			runOnlyForDeploymentPostprocessing = 0;
		};
		00E428FA204BCE6F0083017D /* Resources */ = {
			isa = PBXResourcesBuildPhase;
			buildActionMask = 2147483647;
			files = (
			);
			runOnlyForDeploymentPostprocessing = 0;
		};
/* End PBXResourcesBuildPhase section */

/* Begin PBXSourcesBuildPhase section */
		00E428D9204BCE6F0083017D /* Sources */ = {
			isa = PBXSourcesBuildPhase;
			buildActionMask = 2147483647;
			files = (
				00E428E3204BCE6F0083017D /* ViewController.swift in Sources */,
				00E428E1204BCE6F0083017D /* AppDelegate.swift in Sources */,
			);
			runOnlyForDeploymentPostprocessing = 0;
		};
		00E428ED204BCE6F0083017D /* Sources */ = {
			isa = PBXSourcesBuildPhase;
			buildActionMask = 2147483647;
			files = (
				00E428F6204BCE6F0083017D /* vibrationTimerTests.swift in Sources */,
			);
			runOnlyForDeploymentPostprocessing = 0;
		};
		00E428F8204BCE6F0083017D /* Sources */ = {
			isa = PBXSourcesBuildPhase;
			buildActionMask = 2147483647;
			files = (
				00E42901204BCE6F0083017D /* vibrationTimerUITests.swift in Sources */,
			);
			runOnlyForDeploymentPostprocessing = 0;
		};
/* End PBXSourcesBuildPhase section */

/* Begin PBXTargetDependency section */
		00E428F3204BCE6F0083017D /* PBXTargetDependency */ = {
			isa = PBXTargetDependency;
			target = 00E428DC204BCE6F0083017D /* vibrationTimer */;
			targetProxy = 00E428F2204BCE6F0083017D /* PBXContainerItemProxy */;
		};
		00E428FE204BCE6F0083017D /* PBXTargetDependency */ = {
			isa = PBXTargetDependency;
			target = 00E428DC204BCE6F0083017D /* vibrationTimer */;
			targetProxy = 00E428FD204BCE6F0083017D /* PBXContainerItemProxy */;
		};
/* End PBXTargetDependency section */

/* Begin PBXVariantGroup section */
		00E428E4204BCE6F0083017D /* Main.storyboard */ = {
			isa = PBXVariantGroup;
			children = (
				00E428E5204BCE6F0083017D /* Base */,
			);
			name = Main.storyboard;
			sourceTree = "<group>";
		};
		00E428E9204BCE6F0083017D /* LaunchScreen.storyboard */ = {
			isa = PBXVariantGroup;
			children = (
				00E428EA204BCE6F0083017D /* Base */,
			);
			name = LaunchScreen.storyboard;
			sourceTree = "<group>";
		};
/* End PBXVariantGroup section */

/* Begin XCBuildConfiguration section */
		00E42903204BCE6F0083017D /* Debug */ = {
			isa = XCBuildConfiguration;
			buildSettings = {
				ALWAYS_SEARCH_USER_PATHS = NO;
				CLANG_ANALYZER_NONNULL = YES;
				CLANG_ANALYZER_NUMBER_OBJECT_CONVERSION = YES_AGGRESSIVE;
				CLANG_CXX_LANGUAGE_STANDARD = "gnu++14";
				CLANG_CXX_LIBRARY = "libc++";
				CLANG_ENABLE_MODULES = YES;
				CLANG_ENABLE_OBJC_ARC = YES;
				CLANG_WARN_BLOCK_CAPTURE_AUTORELEASING = YES;
				CLANG_WARN_BOOL_CONVERSION = YES;
				CLANG_WARN_COMMA = YES;
				CLANG_WARN_CONSTANT_CONVERSION = YES;
				CLANG_WARN_DIRECT_OBJC_ISA_USAGE = YES_ERROR;
				CLANG_WARN_DOCUMENTATION_COMMENTS = YES;
				CLANG_WARN_EMPTY_BODY = YES;
				CLANG_WARN_ENUM_CONVERSION = YES;
				CLANG_WARN_INFINITE_RECURSION = YES;
				CLANG_WARN_INT_CONVERSION = YES;
				CLANG_WARN_NON_LITERAL_NULL_CONVERSION = YES;
				CLANG_WARN_OBJC_LITERAL_CONVERSION = YES;
				CLANG_WARN_OBJC_ROOT_CLASS = YES_ERROR;
				CLANG_WARN_RANGE_LOOP_ANALYSIS = YES;
				CLANG_WARN_STRICT_PROTOTYPES = YES;
				CLANG_WARN_SUSPICIOUS_MOVE = YES;
				CLANG_WARN_UNGUARDED_AVAILABILITY = YES_AGGRESSIVE;
				CLANG_WARN_UNREACHABLE_CODE = YES;
				CLANG_WARN__DUPLICATE_METHOD_MATCH = YES;
				CODE_SIGN_IDENTITY = "iPhone Developer";
				COPY_PHASE_STRIP = NO;
				DEBUG_INFORMATION_FORMAT = dwarf;
				ENABLE_STRICT_OBJC_MSGSEND = YES;
				ENABLE_TESTABILITY = YES;
				GCC_C_LANGUAGE_STANDARD = gnu11;
				GCC_DYNAMIC_NO_PIC = NO;
				GCC_NO_COMMON_BLOCKS = YES;
				GCC_OPTIMIZATION_LEVEL = 0;
				GCC_PREPROCESSOR_DEFINITIONS = (
					"DEBUG=1",
					"$(inherited)",
				);
				GCC_WARN_64_TO_32_BIT_CONVERSION = YES;
				GCC_WARN_ABOUT_RETURN_TYPE = YES_ERROR;
				GCC_WARN_UNDECLARED_SELECTOR = YES;
				GCC_WARN_UNINITIALIZED_AUTOS = YES_AGGRESSIVE;
				GCC_WARN_UNUSED_FUNCTION = YES;
				GCC_WARN_UNUSED_VARIABLE = YES;
				IPHONEOS_DEPLOYMENT_TARGET = 11.2;
				MTL_ENABLE_DEBUG_INFO = YES;
				ONLY_ACTIVE_ARCH = YES;
				SDKROOT = iphoneos;
				SWIFT_ACTIVE_COMPILATION_CONDITIONS = DEBUG;
				SWIFT_OPTIMIZATION_LEVEL = "-Onone";
			};
			name = Debug;
		};
		00E42904204BCE6F0083017D /* Release */ = {
			isa = XCBuildConfiguration;
			buildSettings = {
				ALWAYS_SEARCH_USER_PATHS = NO;
				CLANG_ANALYZER_NONNULL = YES;
				CLANG_ANALYZER_NUMBER_OBJECT_CONVERSION = YES_AGGRESSIVE;
				CLANG_CXX_LANGUAGE_STANDARD = "gnu++14";
				CLANG_CXX_LIBRARY = "libc++";
				CLANG_ENABLE_MODULES = YES;
				CLANG_ENABLE_OBJC_ARC = YES;
				CLANG_WARN_BLOCK_CAPTURE_AUTORELEASING = YES;
				CLANG_WARN_BOOL_CONVERSION = YES;
				CLANG_WARN_COMMA = YES;
				CLANG_WARN_CONSTANT_CONVERSION = YES;
				CLANG_WARN_DIRECT_OBJC_ISA_USAGE = YES_ERROR;
				CLANG_WARN_DOCUMENTATION_COMMENTS = YES;
				CLANG_WARN_EMPTY_BODY = YES;
				CLANG_WARN_ENUM_CONVERSION = YES;
				CLANG_WARN_INFINITE_RECURSION = YES;
				CLANG_WARN_INT_CONVERSION = YES;
				CLANG_WARN_NON_LITERAL_NULL_CONVERSION = YES;
				CLANG_WARN_OBJC_LITERAL_CONVERSION = YES;
				CLANG_WARN_OBJC_ROOT_CLASS = YES_ERROR;
				CLANG_WARN_RANGE_LOOP_ANALYSIS = YES;
				CLANG_WARN_STRICT_PROTOTYPES = YES;
				CLANG_WARN_SUSPICIOUS_MOVE = YES;
				CLANG_WARN_UNGUARDED_AVAILABILITY = YES_AGGRESSIVE;
				CLANG_WARN_UNREACHABLE_CODE = YES;
				CLANG_WARN__DUPLICATE_METHOD_MATCH = YES;
				CODE_SIGN_IDENTITY = "iPhone Developer";
				COPY_PHASE_STRIP = NO;
				DEBUG_INFORMATION_FORMAT = "dwarf-with-dsym";
				ENABLE_NS_ASSERTIONS = NO;
				ENABLE_STRICT_OBJC_MSGSEND = YES;
				GCC_C_LANGUAGE_STANDARD = gnu11;
				GCC_NO_COMMON_BLOCKS = YES;
				GCC_WARN_64_TO_32_BIT_CONVERSION = YES;
				GCC_WARN_ABOUT_RETURN_TYPE = YES_ERROR;
				GCC_WARN_UNDECLARED_SELECTOR = YES;
				GCC_WARN_UNINITIALIZED_AUTOS = YES_AGGRESSIVE;
				GCC_WARN_UNUSED_FUNCTION = YES;
				GCC_WARN_UNUSED_VARIABLE = YES;
				IPHONEOS_DEPLOYMENT_TARGET = 11.2;
				MTL_ENABLE_DEBUG_INFO = NO;
				SDKROOT = iphoneos;
				SWIFT_OPTIMIZATION_LEVEL = "-Owholemodule";
				VALIDATE_PRODUCT = YES;
			};
			name = Release;
		};
		00E42906204BCE6F0083017D /* Debug */ = {
			isa = XCBuildConfiguration;
			buildSettings = {
				ASSETCATALOG_COMPILER_APPICON_NAME = AppIcon;
				CODE_SIGN_STYLE = Automatic;
				DEVELOPMENT_TEAM = MMLMRBXG3C;
				INFOPLIST_FILE = vibrationTimer/Info.plist;
				LD_RUNPATH_SEARCH_PATHS = "$(inherited) @executable_path/Frameworks";
				PRODUCT_BUNDLE_IDENTIFIER = com.d06.bsk09.bump27.vibrationTimer;
				PRODUCT_NAME = "$(TARGET_NAME)";
				SWIFT_VERSION = 4.0;
				TARGETED_DEVICE_FAMILY = "1,2";
			};
			name = Debug;
		};
		00E42907204BCE6F0083017D /* Release */ = {
			isa = XCBuildConfiguration;
			buildSettings = {
				ASSETCATALOG_COMPILER_APPICON_NAME = AppIcon;
				CODE_SIGN_STYLE = Automatic;
				DEVELOPMENT_TEAM = MMLMRBXG3C;
				INFOPLIST_FILE = vibrationTimer/Info.plist;
				LD_RUNPATH_SEARCH_PATHS = "$(inherited) @executable_path/Frameworks";
				PRODUCT_BUNDLE_IDENTIFIER = com.d06.bsk09.bump27.vibrationTimer;
				PRODUCT_NAME = "$(TARGET_NAME)";
				SWIFT_VERSION = 4.0;
				TARGETED_DEVICE_FAMILY = "1,2";
			};
			name = Release;
		};
		00E42909204BCE6F0083017D /* Debug */ = {
			isa = XCBuildConfiguration;
			buildSettings = {
				ALWAYS_EMBED_SWIFT_STANDARD_LIBRARIES = YES;
				BUNDLE_LOADER = "$(TEST_HOST)";
				CODE_SIGN_STYLE = Automatic;
				DEVELOPMENT_TEAM = MMLMRBXG3C;
				INFOPLIST_FILE = vibrationTimerTests/Info.plist;
				LD_RUNPATH_SEARCH_PATHS = "$(inherited) @executable_path/Frameworks @loader_path/Frameworks";
				PRODUCT_BUNDLE_IDENTIFIER = com.d06.bsk09.bump27.vibrationTimerTests;
				PRODUCT_NAME = "$(TARGET_NAME)";
				SWIFT_VERSION = 4.0;
				TARGETED_DEVICE_FAMILY = "1,2";
				TEST_HOST = "$(BUILT_PRODUCTS_DIR)/vibrationTimer.app/vibrationTimer";
			};
			name = Debug;
		};
		00E4290A204BCE6F0083017D /* Release */ = {
			isa = XCBuildConfiguration;
			buildSettings = {
				ALWAYS_EMBED_SWIFT_STANDARD_LIBRARIES = YES;
				BUNDLE_LOADER = "$(TEST_HOST)";
				CODE_SIGN_STYLE = Automatic;
				DEVELOPMENT_TEAM = MMLMRBXG3C;
				INFOPLIST_FILE = vibrationTimerTests/Info.plist;
				LD_RUNPATH_SEARCH_PATHS = "$(inherited) @executable_path/Frameworks @loader_path/Frameworks";
				PRODUCT_BUNDLE_IDENTIFIER = com.d06.bsk09.bump27.vibrationTimerTests;
				PRODUCT_NAME = "$(TARGET_NAME)";
				SWIFT_VERSION = 4.0;
				TARGETED_DEVICE_FAMILY = "1,2";
				TEST_HOST = "$(BUILT_PRODUCTS_DIR)/vibrationTimer.app/vibrationTimer";
			};
			name = Release;
		};
		00E4290C204BCE6F0083017D /* Debug */ = {
			isa = XCBuildConfiguration;
			buildSettings = {
				ALWAYS_EMBED_SWIFT_STANDARD_LIBRARIES = YES;
				CODE_SIGN_STYLE = Automatic;
				DEVELOPMENT_TEAM = MMLMRBXG3C;
				INFOPLIST_FILE = vibrationTimerUITests/Info.plist;
				LD_RUNPATH_SEARCH_PATHS = "$(inherited) @executable_path/Frameworks @loader_path/Frameworks";
				PRODUCT_BUNDLE_IDENTIFIER = com.d06.bsk09.bump27.vibrationTimerUITests;
				PRODUCT_NAME = "$(TARGET_NAME)";
				SWIFT_VERSION = 4.0;
				TARGETED_DEVICE_FAMILY = "1,2";
				TEST_TARGET_NAME = vibrationTimer;
			};
			name = Debug;
		};
		00E4290D204BCE6F0083017D /* Release */ = {
			isa = XCBuildConfiguration;
			buildSettings = {
				ALWAYS_EMBED_SWIFT_STANDARD_LIBRARIES = YES;
				CODE_SIGN_STYLE = Automatic;
				DEVELOPMENT_TEAM = MMLMRBXG3C;
				INFOPLIST_FILE = vibrationTimerUITests/Info.plist;
				LD_RUNPATH_SEARCH_PATHS = "$(inherited) @executable_path/Frameworks @loader_path/Frameworks";
				PRODUCT_BUNDLE_IDENTIFIER = com.d06.bsk09.bump27.vibrationTimerUITests;
				PRODUCT_NAME = "$(TARGET_NAME)";
				SWIFT_VERSION = 4.0;
				TARGETED_DEVICE_FAMILY = "1,2";
				TEST_TARGET_NAME = vibrationTimer;
			};
			name = Release;
		};
/* End XCBuildConfiguration section */

/* Begin XCConfigurationList section */
		00E428D8204BCE6F0083017D /* Build configuration list for PBXProject "vibrationTimer" */ = {
			isa = XCConfigurationList;
			buildConfigurations = (
				00E42903204BCE6F0083017D /* Debug */,
				00E42904204BCE6F0083017D /* Release */,
			);
			defaultConfigurationIsVisible = 0;
			defaultConfigurationName = Release;
		};
		00E42905204BCE6F0083017D /* Build configuration list for PBXNativeTarget "vibrationTimer" */ = {
			isa = XCConfigurationList;
			buildConfigurations = (
				00E42906204BCE6F0083017D /* Debug */,
				00E42907204BCE6F0083017D /* Release */,
			);
			defaultConfigurationIsVisible = 0;
			defaultConfigurationName = Release;
		};
		00E42908204BCE6F0083017D /* Build configuration list for PBXNativeTarget "vibrationTimerTests" */ = {
			isa = XCConfigurationList;
			buildConfigurations = (
				00E42909204BCE6F0083017D /* Debug */,
				00E4290A204BCE6F0083017D /* Release */,
			);
			defaultConfigurationIsVisible = 0;
			defaultConfigurationName = Release;
		};
		00E4290B204BCE6F0083017D /* Build configuration list for PBXNativeTarget "vibrationTimerUITests" */ = {
			isa = XCConfigurationList;
			buildConfigurations = (
				00E4290C204BCE6F0083017D /* Debug */,
				00E4290D204BCE6F0083017D /* Release */,
			);
			defaultConfigurationIsVisible = 0;
			defaultConfigurationName = Release;
		};
/* End XCConfigurationList section */
	};
	rootObject = 00E428D5204BCE6F0083017D /* Project object */;
}
